<Solution>
  <Folder Name="/src/" />
  <Folder Name="/src/Backend/">
    <Project Path="src/Backend/CulinaryBlog.API/CulinaryBlog.API.csproj" />
    <Project Path="src/Backend/CulinaryBlog.Application/CulinaryBlog.Application.csproj" />
    <Project Path="src/Backend/CulinaryBlog.Domain/CulinaryBlog.Domain.csproj" />
    <Project Path="src/Backend/CulinaryBlog.Infrastructure/CulinaryBlog.Infrastructure.csproj" />
  </Folder>
</Solution>
